
Microsoft Visual Studio Solution File, Format Version 12.00
# Visual Studio Version 17
VisualStudioVersion = 17.10.34916.146
MinimumVisualStudioVersion = 10.0.40219.1
Project("{FAE04EC0-301F-11D3-BF4B-00C04F79EFBC}") = "HRMedicalRecordsSystem", "HRMedicalRecordsSystem.csproj", "{43EBCE30-6880-420B-B49D-9196B4FD2F13}"
EndProject
Global
	GlobalSection(SolutionConfigurationPlatforms) = preSolution
		Debug|Any CPU = Debug|Any CPU
		Release|Any CPU = Release|Any CPU
	EndGlobalSection
	GlobalSection(ProjectConfigurationPlatforms) = postSolution
		{43EBCE30-6880-420B-B49D-9196B4FD2F13}.Debug|Any CPU.ActiveCfg = Debug|Any CPU
		{43EBCE30-6880-420B-B49D-9196B4FD2F13}.Debug|Any CPU.Build.0 = Debug|Any CPU
		{43EBCE30-6880-420B-B49D-9196B4FD2F13}.Release|Any CPU.ActiveCfg = Release|Any CPU
		{43EBCE30-6880-420B-B49D-9196B4FD2F13}.Release|Any CPU.Build.0 = Release|Any CPU
	EndGlobalSection
	GlobalSection(SolutionProperties) = preSolution
		HideSolutionNode = FALSE
	EndGlobalSection
	GlobalSection(ExtensibilityGlobals) = postSolution
		SolutionGuid = {35E8B25A-BE88-42AB-BB68-5E5B45637D5A}
	EndGlobalSection
EndGlobal
